
Microsoft Visual Studio Solution File, Format Version 12.00
# Visual Studio 14
VisualStudioVersion = 14.0.23107.0
MinimumVisualStudioVersion = 10.0.40219.1
Project("{FAE04EC0-301F-11D3-BF4B-00C04F79EFBC}") = "GPSHikingMate", "GPSHikingAssistant\GPSHikingMate.csproj", "{0E9DA483-D98E-4C13-847C-F6C3424B1322}"
EndProject
Project("{FAE04EC0-301F-11D3-BF4B-00C04F79EFBC}") = "GPSHikingMateBackgroundTasks", "BackgroundTask\GPSHikingMateBackgroundTasks.csproj", "{3C672523-6F16-48B5-83F2-8EDFF71404F9}"
EndProject
Project("{FAE04EC0-301F-11D3-BF4B-00C04F79EFBC}") = "DataModel", "DataModel\DataModel.csproj", "{A40326FA-DC5A-4FC2-B682-A92E8C493D6F}"
EndProject
Project("{FAE04EC0-301F-11D3-BF4B-00C04F79EFBC}") = "GPSInteractor", "GPSInteractor\GPSInteractor.csproj", "{CDC6614D-0044-417C-BD83-96517705FD07}"
EndProject
Project("{FAE04EC0-301F-11D3-BF4B-00C04F79EFBC}") = "Utilz", "Logger\Utilz.csproj", "{96D4AAE1-85E0-474A-A26C-9C3EDA0266F4}"
EndProject
Project("{FAE04EC0-301F-11D3-BF4B-00C04F79EFBC}") = "LolloChartMobile", "LolloChartMobile\LolloChartMobile.csproj", "{BF60E479-19D6-4A38-9A5B-EAA39EA75699}"
EndProject
Global
	GlobalSection(SolutionConfigurationPlatforms) = preSolution
		Debug|Any CPU = Debug|Any CPU
		Debug|ARM = Debug|ARM
		Debug|Mixed Platforms = Debug|Mixed Platforms
		Debug|x86 = Debug|x86
		DebugNoStore|Any CPU = DebugNoStore|Any CPU
		DebugNoStore|ARM = DebugNoStore|ARM
		DebugNoStore|Mixed Platforms = DebugNoStore|Mixed Platforms
		DebugNoStore|x86 = DebugNoStore|x86
		Release|Any CPU = Release|Any CPU
		Release|ARM = Release|ARM
		Release|Mixed Platforms = Release|Mixed Platforms
		Release|x86 = Release|x86
		ReleaseNoStore|Any CPU = ReleaseNoStore|Any CPU
		ReleaseNoStore|ARM = ReleaseNoStore|ARM
		ReleaseNoStore|Mixed Platforms = ReleaseNoStore|Mixed Platforms
		ReleaseNoStore|x86 = ReleaseNoStore|x86
	EndGlobalSection
	GlobalSection(ProjectConfigurationPlatforms) = postSolution
		{0E9DA483-D98E-4C13-847C-F6C3424B1322}.Debug|Any CPU.ActiveCfg = Debug|Any CPU
		{0E9DA483-D98E-4C13-847C-F6C3424B1322}.Debug|Any CPU.Build.0 = Debug|Any CPU
		{0E9DA483-D98E-4C13-847C-F6C3424B1322}.Debug|Any CPU.Deploy.0 = Debug|Any CPU
		{0E9DA483-D98E-4C13-847C-F6C3424B1322}.Debug|ARM.ActiveCfg = Debug|ARM
		{0E9DA483-D98E-4C13-847C-F6C3424B1322}.Debug|ARM.Build.0 = Debug|ARM
		{0E9DA483-D98E-4C13-847C-F6C3424B1322}.Debug|ARM.Deploy.0 = Debug|ARM
		{0E9DA483-D98E-4C13-847C-F6C3424B1322}.Debug|Mixed Platforms.ActiveCfg = Debug|Any CPU
		{0E9DA483-D98E-4C13-847C-F6C3424B1322}.Debug|Mixed Platforms.Build.0 = Debug|Any CPU
		{0E9DA483-D98E-4C13-847C-F6C3424B1322}.Debug|Mixed Platforms.Deploy.0 = Debug|Any CPU
		{0E9DA483-D98E-4C13-847C-F6C3424B1322}.Debug|x86.ActiveCfg = Debug|x86
		{0E9DA483-D98E-4C13-847C-F6C3424B1322}.Debug|x86.Build.0 = Debug|x86
		{0E9DA483-D98E-4C13-847C-F6C3424B1322}.Debug|x86.Deploy.0 = Debug|x86
		{0E9DA483-D98E-4C13-847C-F6C3424B1322}.DebugNoStore|Any CPU.ActiveCfg = DebugNoStore|Any CPU
		{0E9DA483-D98E-4C13-847C-F6C3424B1322}.DebugNoStore|Any CPU.Build.0 = DebugNoStore|Any CPU
		{0E9DA483-D98E-4C13-847C-F6C3424B1322}.DebugNoStore|Any CPU.Deploy.0 = DebugNoStore|Any CPU
		{0E9DA483-D98E-4C13-847C-F6C3424B1322}.DebugNoStore|ARM.ActiveCfg = DebugNoStore|ARM
		{0E9DA483-D98E-4C13-847C-F6C3424B1322}.DebugNoStore|ARM.Build.0 = DebugNoStore|ARM
		{0E9DA483-D98E-4C13-847C-F6C3424B1322}.DebugNoStore|ARM.Deploy.0 = DebugNoStore|ARM
		{0E9DA483-D98E-4C13-847C-F6C3424B1322}.DebugNoStore|Mixed Platforms.ActiveCfg = DebugNoStore|x86
		{0E9DA483-D98E-4C13-847C-F6C3424B1322}.DebugNoStore|Mixed Platforms.Build.0 = DebugNoStore|x86
		{0E9DA483-D98E-4C13-847C-F6C3424B1322}.DebugNoStore|Mixed Platforms.Deploy.0 = DebugNoStore|x86
		{0E9DA483-D98E-4C13-847C-F6C3424B1322}.DebugNoStore|x86.ActiveCfg = DebugNoStore|x86
		{0E9DA483-D98E-4C13-847C-F6C3424B1322}.DebugNoStore|x86.Build.0 = DebugNoStore|x86
		{0E9DA483-D98E-4C13-847C-F6C3424B1322}.DebugNoStore|x86.Deploy.0 = DebugNoStore|x86
		{0E9DA483-D98E-4C13-847C-F6C3424B1322}.Release|Any CPU.ActiveCfg = Release|Any CPU
		{0E9DA483-D98E-4C13-847C-F6C3424B1322}.Release|Any CPU.Build.0 = Release|Any CPU
		{0E9DA483-D98E-4C13-847C-F6C3424B1322}.Release|Any CPU.Deploy.0 = Release|Any CPU
		{0E9DA483-D98E-4C13-847C-F6C3424B1322}.Release|ARM.ActiveCfg = Release|ARM
		{0E9DA483-D98E-4C13-847C-F6C3424B1322}.Release|ARM.Build.0 = Release|ARM
		{0E9DA483-D98E-4C13-847C-F6C3424B1322}.Release|ARM.Deploy.0 = Release|ARM
		{0E9DA483-D98E-4C13-847C-F6C3424B1322}.Release|Mixed Platforms.ActiveCfg = Release|Any CPU
		{0E9DA483-D98E-4C13-847C-F6C3424B1322}.Release|Mixed Platforms.Build.0 = Release|Any CPU
		{0E9DA483-D98E-4C13-847C-F6C3424B1322}.Release|Mixed Platforms.Deploy.0 = Release|Any CPU
		{0E9DA483-D98E-4C13-847C-F6C3424B1322}.Release|x86.ActiveCfg = Release|x86
		{0E9DA483-D98E-4C13-847C-F6C3424B1322}.Release|x86.Build.0 = Release|x86
		{0E9DA483-D98E-4C13-847C-F6C3424B1322}.Release|x86.Deploy.0 = Release|x86
		{0E9DA483-D98E-4C13-847C-F6C3424B1322}.ReleaseNoStore|Any CPU.ActiveCfg = ReleaseNoStore|Any CPU
		{0E9DA483-D98E-4C13-847C-F6C3424B1322}.ReleaseNoStore|Any CPU.Build.0 = ReleaseNoStore|Any CPU
		{0E9DA483-D98E-4C13-847C-F6C3424B1322}.ReleaseNoStore|Any CPU.Deploy.0 = ReleaseNoStore|Any CPU
		{0E9DA483-D98E-4C13-847C-F6C3424B1322}.ReleaseNoStore|ARM.ActiveCfg = ReleaseNoStore|ARM
		{0E9DA483-D98E-4C13-847C-F6C3424B1322}.ReleaseNoStore|ARM.Build.0 = ReleaseNoStore|ARM
		{0E9DA483-D98E-4C13-847C-F6C3424B1322}.ReleaseNoStore|ARM.Deploy.0 = ReleaseNoStore|ARM
		{0E9DA483-D98E-4C13-847C-F6C3424B1322}.ReleaseNoStore|Mixed Platforms.ActiveCfg = ReleaseNoStore|x86
		{0E9DA483-D98E-4C13-847C-F6C3424B1322}.ReleaseNoStore|Mixed Platforms.Build.0 = ReleaseNoStore|x86
		{0E9DA483-D98E-4C13-847C-F6C3424B1322}.ReleaseNoStore|Mixed Platforms.Deploy.0 = ReleaseNoStore|x86
		{0E9DA483-D98E-4C13-847C-F6C3424B1322}.ReleaseNoStore|x86.ActiveCfg = ReleaseNoStore|x86
		{0E9DA483-D98E-4C13-847C-F6C3424B1322}.ReleaseNoStore|x86.Build.0 = ReleaseNoStore|x86
		{0E9DA483-D98E-4C13-847C-F6C3424B1322}.ReleaseNoStore|x86.Deploy.0 = ReleaseNoStore|x86
		{3C672523-6F16-48B5-83F2-8EDFF71404F9}.Debug|Any CPU.ActiveCfg = Debug|Any CPU
		{3C672523-6F16-48B5-83F2-8EDFF71404F9}.Debug|Any CPU.Build.0 = Debug|Any CPU
		{3C672523-6F16-48B5-83F2-8EDFF71404F9}.Debug|ARM.ActiveCfg = Debug|ARM
		{3C672523-6F16-48B5-83F2-8EDFF71404F9}.Debug|ARM.Build.0 = Debug|ARM
		{3C672523-6F16-48B5-83F2-8EDFF71404F9}.Debug|Mixed Platforms.ActiveCfg = Debug|Any CPU
		{3C672523-6F16-48B5-83F2-8EDFF71404F9}.Debug|Mixed Platforms.Build.0 = Debug|Any CPU
		{3C672523-6F16-48B5-83F2-8EDFF71404F9}.Debug|x86.ActiveCfg = Debug|Any CPU
		{3C672523-6F16-48B5-83F2-8EDFF71404F9}.DebugNoStore|Any CPU.ActiveCfg = DebugNoStore|Any CPU
		{3C672523-6F16-48B5-83F2-8EDFF71404F9}.DebugNoStore|Any CPU.Build.0 = DebugNoStore|Any CPU
		{3C672523-6F16-48B5-83F2-8EDFF71404F9}.DebugNoStore|ARM.ActiveCfg = DebugNoStore|ARM
		{3C672523-6F16-48B5-83F2-8EDFF71404F9}.DebugNoStore|ARM.Build.0 = DebugNoStore|ARM
		{3C672523-6F16-48B5-83F2-8EDFF71404F9}.DebugNoStore|Mixed Platforms.ActiveCfg = DebugNoStore|Any CPU
		{3C672523-6F16-48B5-83F2-8EDFF71404F9}.DebugNoStore|Mixed Platforms.Build.0 = DebugNoStore|Any CPU
		{3C672523-6F16-48B5-83F2-8EDFF71404F9}.DebugNoStore|x86.ActiveCfg = DebugNoStore|Any CPU
		{3C672523-6F16-48B5-83F2-8EDFF71404F9}.DebugNoStore|x86.Build.0 = DebugNoStore|Any CPU
		{3C672523-6F16-48B5-83F2-8EDFF71404F9}.Release|Any CPU.ActiveCfg = Release|Any CPU
		{3C672523-6F16-48B5-83F2-8EDFF71404F9}.Release|Any CPU.Build.0 = Release|Any CPU
		{3C672523-6F16-48B5-83F2-8EDFF71404F9}.Release|ARM.ActiveCfg = Release|ARM
		{3C672523-6F16-48B5-83F2-8EDFF71404F9}.Release|ARM.Build.0 = Release|ARM
		{3C672523-6F16-48B5-83F2-8EDFF71404F9}.Release|Mixed Platforms.ActiveCfg = Release|Any CPU
		{3C672523-6F16-48B5-83F2-8EDFF71404F9}.Release|Mixed Platforms.Build.0 = Release|Any CPU
		{3C672523-6F16-48B5-83F2-8EDFF71404F9}.Release|x86.ActiveCfg = Release|Any CPU
		{3C672523-6F16-48B5-83F2-8EDFF71404F9}.ReleaseNoStore|Any CPU.ActiveCfg = ReleaseNoStore|Any CPU
		{3C672523-6F16-48B5-83F2-8EDFF71404F9}.ReleaseNoStore|Any CPU.Build.0 = ReleaseNoStore|Any CPU
		{3C672523-6F16-48B5-83F2-8EDFF71404F9}.ReleaseNoStore|ARM.ActiveCfg = ReleaseNoStore|ARM
		{3C672523-6F16-48B5-83F2-8EDFF71404F9}.ReleaseNoStore|ARM.Build.0 = ReleaseNoStore|ARM
		{3C672523-6F16-48B5-83F2-8EDFF71404F9}.ReleaseNoStore|Mixed Platforms.ActiveCfg = ReleaseNoStore|Any CPU
		{3C672523-6F16-48B5-83F2-8EDFF71404F9}.ReleaseNoStore|Mixed Platforms.Build.0 = ReleaseNoStore|Any CPU
		{3C672523-6F16-48B5-83F2-8EDFF71404F9}.ReleaseNoStore|x86.ActiveCfg = ReleaseNoStore|Any CPU
		{3C672523-6F16-48B5-83F2-8EDFF71404F9}.ReleaseNoStore|x86.Build.0 = ReleaseNoStore|Any CPU
		{A40326FA-DC5A-4FC2-B682-A92E8C493D6F}.Debug|Any CPU.ActiveCfg = Debug|Any CPU
		{A40326FA-DC5A-4FC2-B682-A92E8C493D6F}.Debug|Any CPU.Build.0 = Debug|Any CPU
		{A40326FA-DC5A-4FC2-B682-A92E8C493D6F}.Debug|ARM.ActiveCfg = Debug|ARM
		{A40326FA-DC5A-4FC2-B682-A92E8C493D6F}.Debug|ARM.Build.0 = Debug|ARM
		{A40326FA-DC5A-4FC2-B682-A92E8C493D6F}.Debug|Mixed Platforms.ActiveCfg = Debug|ARM
		{A40326FA-DC5A-4FC2-B682-A92E8C493D6F}.Debug|Mixed Platforms.Build.0 = Debug|ARM
		{A40326FA-DC5A-4FC2-B682-A92E8C493D6F}.Debug|x86.ActiveCfg = Debug|Any CPU
		{A40326FA-DC5A-4FC2-B682-A92E8C493D6F}.DebugNoStore|Any CPU.ActiveCfg = DebugNoStore|Any CPU
		{A40326FA-DC5A-4FC2-B682-A92E8C493D6F}.DebugNoStore|Any CPU.Build.0 = DebugNoStore|Any CPU
		{A40326FA-DC5A-4FC2-B682-A92E8C493D6F}.DebugNoStore|ARM.ActiveCfg = DebugNoStore|ARM
		{A40326FA-DC5A-4FC2-B682-A92E8C493D6F}.DebugNoStore|ARM.Build.0 = DebugNoStore|ARM
		{A40326FA-DC5A-4FC2-B682-A92E8C493D6F}.DebugNoStore|Mixed Platforms.ActiveCfg = DebugNoStore|Any CPU
		{A40326FA-DC5A-4FC2-B682-A92E8C493D6F}.DebugNoStore|Mixed Platforms.Build.0 = DebugNoStore|Any CPU
		{A40326FA-DC5A-4FC2-B682-A92E8C493D6F}.DebugNoStore|x86.ActiveCfg = DebugNoStore|Any CPU
		{A40326FA-DC5A-4FC2-B682-A92E8C493D6F}.DebugNoStore|x86.Build.0 = DebugNoStore|Any CPU
		{A40326FA-DC5A-4FC2-B682-A92E8C493D6F}.Release|Any CPU.ActiveCfg = Release|Any CPU
		{A40326FA-DC5A-4FC2-B682-A92E8C493D6F}.Release|Any CPU.Build.0 = Release|Any CPU
		{A40326FA-DC5A-4FC2-B682-A92E8C493D6F}.Release|ARM.ActiveCfg = Release|ARM
		{A40326FA-DC5A-4FC2-B682-A92E8C493D6F}.Release|ARM.Build.0 = Release|ARM
		{A40326FA-DC5A-4FC2-B682-A92E8C493D6F}.Release|Mixed Platforms.ActiveCfg = Release|ARM
		{A40326FA-DC5A-4FC2-B682-A92E8C493D6F}.Release|Mixed Platforms.Build.0 = Release|ARM
		{A40326FA-DC5A-4FC2-B682-A92E8C493D6F}.Release|x86.ActiveCfg = Release|Any CPU
		{A40326FA-DC5A-4FC2-B682-A92E8C493D6F}.ReleaseNoStore|Any CPU.ActiveCfg = ReleaseNoStore|Any CPU
		{A40326FA-DC5A-4FC2-B682-A92E8C493D6F}.ReleaseNoStore|Any CPU.Build.0 = ReleaseNoStore|Any CPU
		{A40326FA-DC5A-4FC2-B682-A92E8C493D6F}.ReleaseNoStore|ARM.ActiveCfg = ReleaseNoStore|ARM
		{A40326FA-DC5A-4FC2-B682-A92E8C493D6F}.ReleaseNoStore|ARM.Build.0 = ReleaseNoStore|ARM
		{A40326FA-DC5A-4FC2-B682-A92E8C493D6F}.ReleaseNoStore|Mixed Platforms.ActiveCfg = ReleaseNoStore|Any CPU
		{A40326FA-DC5A-4FC2-B682-A92E8C493D6F}.ReleaseNoStore|Mixed Platforms.Build.0 = ReleaseNoStore|Any CPU
		{A40326FA-DC5A-4FC2-B682-A92E8C493D6F}.ReleaseNoStore|x86.ActiveCfg = ReleaseNoStore|Any CPU
		{A40326FA-DC5A-4FC2-B682-A92E8C493D6F}.ReleaseNoStore|x86.Build.0 = ReleaseNoStore|Any CPU
		{CDC6614D-0044-417C-BD83-96517705FD07}.Debug|Any CPU.ActiveCfg = Debug|Any CPU
		{CDC6614D-0044-417C-BD83-96517705FD07}.Debug|Any CPU.Build.0 = Debug|Any CPU
		{CDC6614D-0044-417C-BD83-96517705FD07}.Debug|ARM.ActiveCfg = Debug|ARM
		{CDC6614D-0044-417C-BD83-96517705FD07}.Debug|ARM.Build.0 = Debug|ARM
		{CDC6614D-0044-417C-BD83-96517705FD07}.Debug|Mixed Platforms.ActiveCfg = Debug|Any CPU
		{CDC6614D-0044-417C-BD83-96517705FD07}.Debug|Mixed Platforms.Build.0 = Debug|Any CPU
		{CDC6614D-0044-417C-BD83-96517705FD07}.Debug|x86.ActiveCfg = Debug|Any CPU
		{CDC6614D-0044-417C-BD83-96517705FD07}.DebugNoStore|Any CPU.ActiveCfg = DebugNoStore|Any CPU
		{CDC6614D-0044-417C-BD83-96517705FD07}.DebugNoStore|Any CPU.Build.0 = DebugNoStore|Any CPU
		{CDC6614D-0044-417C-BD83-96517705FD07}.DebugNoStore|ARM.ActiveCfg = DebugNoStore|ARM
		{CDC6614D-0044-417C-BD83-96517705FD07}.DebugNoStore|ARM.Build.0 = DebugNoStore|ARM
		{CDC6614D-0044-417C-BD83-96517705FD07}.DebugNoStore|Mixed Platforms.ActiveCfg = DebugNoStore|Any CPU
		{CDC6614D-0044-417C-BD83-96517705FD07}.DebugNoStore|Mixed Platforms.Build.0 = DebugNoStore|Any CPU
		{CDC6614D-0044-417C-BD83-96517705FD07}.DebugNoStore|x86.ActiveCfg = DebugNoStore|Any CPU
		{CDC6614D-0044-417C-BD83-96517705FD07}.DebugNoStore|x86.Build.0 = DebugNoStore|Any CPU
		{CDC6614D-0044-417C-BD83-96517705FD07}.Release|Any CPU.ActiveCfg = Release|Any CPU
		{CDC6614D-0044-417C-BD83-96517705FD07}.Release|Any CPU.Build.0 = Release|Any CPU
		{CDC6614D-0044-417C-BD83-96517705FD07}.Release|ARM.ActiveCfg = Release|ARM
		{CDC6614D-0044-417C-BD83-96517705FD07}.Release|ARM.Build.0 = Release|ARM
		{CDC6614D-0044-417C-BD83-96517705FD07}.Release|Mixed Platforms.ActiveCfg = Release|Any CPU
		{CDC6614D-0044-417C-BD83-96517705FD07}.Release|Mixed Platforms.Build.0 = Release|Any CPU
		{CDC6614D-0044-417C-BD83-96517705FD07}.Release|x86.ActiveCfg = Release|Any CPU
		{CDC6614D-0044-417C-BD83-96517705FD07}.ReleaseNoStore|Any CPU.ActiveCfg = ReleaseNoStore|Any CPU
		{CDC6614D-0044-417C-BD83-96517705FD07}.ReleaseNoStore|Any CPU.Build.0 = ReleaseNoStore|Any CPU
		{CDC6614D-0044-417C-BD83-96517705FD07}.ReleaseNoStore|ARM.ActiveCfg = ReleaseNoStore|ARM
		{CDC6614D-0044-417C-BD83-96517705FD07}.ReleaseNoStore|ARM.Build.0 = ReleaseNoStore|ARM
		{CDC6614D-0044-417C-BD83-96517705FD07}.ReleaseNoStore|Mixed Platforms.ActiveCfg = ReleaseNoStore|Any CPU
		{CDC6614D-0044-417C-BD83-96517705FD07}.ReleaseNoStore|Mixed Platforms.Build.0 = ReleaseNoStore|Any CPU
		{CDC6614D-0044-417C-BD83-96517705FD07}.ReleaseNoStore|x86.ActiveCfg = ReleaseNoStore|Any CPU
		{CDC6614D-0044-417C-BD83-96517705FD07}.ReleaseNoStore|x86.Build.0 = ReleaseNoStore|Any CPU
		{96D4AAE1-85E0-474A-A26C-9C3EDA0266F4}.Debug|Any CPU.ActiveCfg = Debug|Any CPU
		{96D4AAE1-85E0-474A-A26C-9C3EDA0266F4}.Debug|Any CPU.Build.0 = Debug|Any CPU
		{96D4AAE1-85E0-474A-A26C-9C3EDA0266F4}.Debug|ARM.ActiveCfg = Debug|ARM
		{96D4AAE1-85E0-474A-A26C-9C3EDA0266F4}.Debug|ARM.Build.0 = Debug|ARM
		{96D4AAE1-85E0-474A-A26C-9C3EDA0266F4}.Debug|Mixed Platforms.ActiveCfg = Debug|Any CPU
		{96D4AAE1-85E0-474A-A26C-9C3EDA0266F4}.Debug|Mixed Platforms.Build.0 = Debug|Any CPU
		{96D4AAE1-85E0-474A-A26C-9C3EDA0266F4}.Debug|x86.ActiveCfg = Debug|x86
		{96D4AAE1-85E0-474A-A26C-9C3EDA0266F4}.Debug|x86.Build.0 = Debug|x86
		{96D4AAE1-85E0-474A-A26C-9C3EDA0266F4}.DebugNoStore|Any CPU.ActiveCfg = DebugNoStore|Any CPU
		{96D4AAE1-85E0-474A-A26C-9C3EDA0266F4}.DebugNoStore|Any CPU.Build.0 = DebugNoStore|Any CPU
		{96D4AAE1-85E0-474A-A26C-9C3EDA0266F4}.DebugNoStore|ARM.ActiveCfg = DebugNoStore|ARM
		{96D4AAE1-85E0-474A-A26C-9C3EDA0266F4}.DebugNoStore|ARM.Build.0 = DebugNoStore|ARM
		{96D4AAE1-85E0-474A-A26C-9C3EDA0266F4}.DebugNoStore|Mixed Platforms.ActiveCfg = DebugNoStore|x86
		{96D4AAE1-85E0-474A-A26C-9C3EDA0266F4}.DebugNoStore|Mixed Platforms.Build.0 = DebugNoStore|x86
		{96D4AAE1-85E0-474A-A26C-9C3EDA0266F4}.DebugNoStore|x86.ActiveCfg = DebugNoStore|x86
		{96D4AAE1-85E0-474A-A26C-9C3EDA0266F4}.DebugNoStore|x86.Build.0 = DebugNoStore|x86
		{96D4AAE1-85E0-474A-A26C-9C3EDA0266F4}.Release|Any CPU.ActiveCfg = Release|Any CPU
		{96D4AAE1-85E0-474A-A26C-9C3EDA0266F4}.Release|Any CPU.Build.0 = Release|Any CPU
		{96D4AAE1-85E0-474A-A26C-9C3EDA0266F4}.Release|ARM.ActiveCfg = Release|ARM
		{96D4AAE1-85E0-474A-A26C-9C3EDA0266F4}.Release|ARM.Build.0 = Release|ARM
		{96D4AAE1-85E0-474A-A26C-9C3EDA0266F4}.Release|Mixed Platforms.ActiveCfg = Release|Any CPU
		{96D4AAE1-85E0-474A-A26C-9C3EDA0266F4}.Release|Mixed Platforms.Build.0 = Release|Any CPU
		{96D4AAE1-85E0-474A-A26C-9C3EDA0266F4}.Release|x86.ActiveCfg = Release|x86
		{96D4AAE1-85E0-474A-A26C-9C3EDA0266F4}.Release|x86.Build.0 = Release|x86
		{96D4AAE1-85E0-474A-A26C-9C3EDA0266F4}.ReleaseNoStore|Any CPU.ActiveCfg = ReleaseNoStore|Any CPU
		{96D4AAE1-85E0-474A-A26C-9C3EDA0266F4}.ReleaseNoStore|Any CPU.Build.0 = ReleaseNoStore|Any CPU
		{96D4AAE1-85E0-474A-A26C-9C3EDA0266F4}.ReleaseNoStore|ARM.ActiveCfg = ReleaseNoStore|ARM
		{96D4AAE1-85E0-474A-A26C-9C3EDA0266F4}.ReleaseNoStore|ARM.Build.0 = ReleaseNoStore|ARM
		{96D4AAE1-85E0-474A-A26C-9C3EDA0266F4}.ReleaseNoStore|Mixed Platforms.ActiveCfg = ReleaseNoStore|x86
		{96D4AAE1-85E0-474A-A26C-9C3EDA0266F4}.ReleaseNoStore|Mixed Platforms.Build.0 = ReleaseNoStore|x86
		{96D4AAE1-85E0-474A-A26C-9C3EDA0266F4}.ReleaseNoStore|x86.ActiveCfg = ReleaseNoStore|x86
		{96D4AAE1-85E0-474A-A26C-9C3EDA0266F4}.ReleaseNoStore|x86.Build.0 = ReleaseNoStore|x86
		{BF60E479-19D6-4A38-9A5B-EAA39EA75699}.Debug|Any CPU.ActiveCfg = Debug|Any CPU
		{BF60E479-19D6-4A38-9A5B-EAA39EA75699}.Debug|Any CPU.Build.0 = Debug|Any CPU
		{BF60E479-19D6-4A38-9A5B-EAA39EA75699}.Debug|ARM.ActiveCfg = Debug|ARM
		{BF60E479-19D6-4A38-9A5B-EAA39EA75699}.Debug|ARM.Build.0 = Debug|ARM
		{BF60E479-19D6-4A38-9A5B-EAA39EA75699}.Debug|Mixed Platforms.ActiveCfg = Debug|Any CPU
		{BF60E479-19D6-4A38-9A5B-EAA39EA75699}.Debug|Mixed Platforms.Build.0 = Debug|Any CPU
		{BF60E479-19D6-4A38-9A5B-EAA39EA75699}.Debug|x86.ActiveCfg = Debug|x86
		{BF60E479-19D6-4A38-9A5B-EAA39EA75699}.Debug|x86.Build.0 = Debug|x86
		{BF60E479-19D6-4A38-9A5B-EAA39EA75699}.DebugNoStore|Any CPU.ActiveCfg = DebugNoStore|Any CPU
		{BF60E479-19D6-4A38-9A5B-EAA39EA75699}.DebugNoStore|Any CPU.Build.0 = DebugNoStore|Any CPU
		{BF60E479-19D6-4A38-9A5B-EAA39EA75699}.DebugNoStore|ARM.ActiveCfg = DebugNoStore|ARM
		{BF60E479-19D6-4A38-9A5B-EAA39EA75699}.DebugNoStore|ARM.Build.0 = DebugNoStore|ARM
		{BF60E479-19D6-4A38-9A5B-EAA39EA75699}.DebugNoStore|Mixed Platforms.ActiveCfg = DebugNoStore|x86
		{BF60E479-19D6-4A38-9A5B-EAA39EA75699}.DebugNoStore|Mixed Platforms.Build.0 = DebugNoStore|x86
		{BF60E479-19D6-4A38-9A5B-EAA39EA75699}.DebugNoStore|x86.ActiveCfg = DebugNoStore|x86
		{BF60E479-19D6-4A38-9A5B-EAA39EA75699}.DebugNoStore|x86.Build.0 = DebugNoStore|x86
		{BF60E479-19D6-4A38-9A5B-EAA39EA75699}.Release|Any CPU.ActiveCfg = Release|Any CPU
		{BF60E479-19D6-4A38-9A5B-EAA39EA75699}.Release|Any CPU.Build.0 = Release|Any CPU
		{BF60E479-19D6-4A38-9A5B-EAA39EA75699}.Release|ARM.ActiveCfg = Release|ARM
		{BF60E479-19D6-4A38-9A5B-EAA39EA75699}.Release|ARM.Build.0 = Release|ARM
		{BF60E479-19D6-4A38-9A5B-EAA39EA75699}.Release|Mixed Platforms.ActiveCfg = Release|Any CPU
		{BF60E479-19D6-4A38-9A5B-EAA39EA75699}.Release|Mixed Platforms.Build.0 = Release|Any CPU
		{BF60E479-19D6-4A38-9A5B-EAA39EA75699}.Release|x86.ActiveCfg = Release|x86
		{BF60E479-19D6-4A38-9A5B-EAA39EA75699}.Release|x86.Build.0 = Release|x86
		{BF60E479-19D6-4A38-9A5B-EAA39EA75699}.ReleaseNoStore|Any CPU.ActiveCfg = ReleaseNoStore|Any CPU
		{BF60E479-19D6-4A38-9A5B-EAA39EA75699}.ReleaseNoStore|Any CPU.Build.0 = ReleaseNoStore|Any CPU
		{BF60E479-19D6-4A38-9A5B-EAA39EA75699}.ReleaseNoStore|ARM.ActiveCfg = ReleaseNoStore|ARM
		{BF60E479-19D6-4A38-9A5B-EAA39EA75699}.ReleaseNoStore|ARM.Build.0 = ReleaseNoStore|ARM
		{BF60E479-19D6-4A38-9A5B-EAA39EA75699}.ReleaseNoStore|Mixed Platforms.ActiveCfg = ReleaseNoStore|x86
		{BF60E479-19D6-4A38-9A5B-EAA39EA75699}.ReleaseNoStore|Mixed Platforms.Build.0 = ReleaseNoStore|x86
		{BF60E479-19D6-4A38-9A5B-EAA39EA75699}.ReleaseNoStore|x86.ActiveCfg = ReleaseNoStore|x86
		{BF60E479-19D6-4A38-9A5B-EAA39EA75699}.ReleaseNoStore|x86.Build.0 = ReleaseNoStore|x86
	EndGlobalSection
	GlobalSection(SolutionProperties) = preSolution
		HideSolutionNode = FALSE
	EndGlobalSection
EndGlobal
